
Microsoft Visual Studio Solution File, Format Version 12.00
# Visual Studio 15
VisualStudioVersion = 15.0.27130.2036
MinimumVisualStudioVersion = 10.0.40219.1
Project("{FAE04EC0-301F-11D3-BF4B-00C04F79EFBC}") = "Tactilis", "Tactilis.csproj", "{B6B3D6DD-87CD-4434-96A2-1EDCE9206BB8}"
EndProject
Global
	GlobalSection(SolutionConfigurationPlatforms) = preSolution
		Debug|Any CPU = Debug|Any CPU
		Release|Any CPU = Release|Any CPU
	EndGlobalSection
	GlobalSection(ProjectConfigurationPlatforms) = postSolution
		{B6B3D6DD-87CD-4434-96A2-1EDCE9206BB8}.Debug|Any CPU.ActiveCfg = Debug|Any CPU
		{B6B3D6DD-87CD-4434-96A2-1EDCE9206BB8}.Debug|Any CPU.Build.0 = Debug|Any CPU
		{B6B3D6DD-87CD-4434-96A2-1EDCE9206BB8}.Release|Any CPU.ActiveCfg = Release|Any CPU
		{B6B3D6DD-87CD-4434-96A2-1EDCE9206BB8}.Release|Any CPU.Build.0 = Release|Any CPU
	EndGlobalSection
	GlobalSection(SolutionProperties) = preSolution
		HideSolutionNode = FALSE
	EndGlobalSection
	GlobalSection(ExtensibilityGlobals) = postSolution
		SolutionGuid = {9CCCF10C-ADC2-4BB3-B802-F66CCDF1EC52}
	EndGlobalSection
EndGlobal
